{
  "nodes": {
    "fenix": {
      "inputs": {
        "nixpkgs": [
          "nixpkgs"
        ],
        "rust-analyzer-src": "rust-analyzer-src"
      },
      "locked": {
        "lastModified": 1790420830,
        "narHash": "sha256-z3OT9zp96drkDc2qZlC9WRXMpKaysdMDJiwWpLVeiOU=",
        "owner": "nix-community",
        "repo": "fenix",
        "rev": "5f7e7d793cb2553410f857554de86f277ebe2f71",
        "type": "github"
      },
      "original": {
        "owner": "nix-community",
        "repo": "fenix",
        "type": "github"
      }
    },
    "nixpkgs": {
      "locked": {
        "lastModified": 1790323409,
        "narHash": "sha256-VVTPf+Hyd5ebpjBMHmrLMSBIeW6ls48Bqtosj7CNKLA=",
        "owner": "NixOS",
        "repo": "nixpkgs",
        "rev": "e94cb152ed51bd6e24eb4a41f1460252beb52cd2",
        "type": "github"
      },
      "original": {
        "owner": "NixOS",
        "ref": "nixos-unstable",
        "repo": "nixpkgs",
        "type": "github"
      }
    },
    "root": {
      "inputs": {
        "fenix": "fenix",
        "nixpkgs": "nixpkgs",
        "serpentine": "serpentine"
      }
    },
    "rust-analyzer-src": {
      "flake": false,
      "locked": {
        "lastModified": 1790305964,
        "narHash": "sha256-2qzlUJB59Rq0XIjVGf42XqqaTwXoRLIFX4S7sW1t2iw=",
        "owner": "rust-lang",
        "repo": "rust-analyzer",
        "rev": "1ad44dc58e65304b594063e70c144ecb58643671",
        "type": "github"
      },
      "original": {
        "owner": "rust-lang",
        "ref": "nightly",
        "repo": "rust-analyzer",
        "type": "github"
      }
    },
    "serpentine": {
      "inputs": {
        "nixpkgs": [
          "nixpkgs"
        ]
      },
      "locked": {
        "lastModified": 1790617751,
        "narHash": "sha256-ffctC5Ptu02y2qDlSPHG1tCYlRoPSmc88szA+CNLuWA=",
        "owner": "Serpent-Tools",
        "repo": "serpentine",
        "rev": "576003e54f13d1032141e2337c9814479c911ff2",
        "type": "github"
      },
      "original": {
        "owner": "Serpent-Tools",
        "ref": "v1.0.2",
        "repo": "serpentine",
        "type": "github"
      }
    }
  },
  "root": "root",
  "version": 7
}
